<Solution>
  <Folder Name="/src/">
    <Project Path="src/Restyc.Cabinet/Restyc.Cabinet.csproj" />
    <Project Path="src/Restyc/Restyc.csproj" />
  </Folder>
  <Folder Name="/tests/">
    <Project Path="tests/Restyc.Cabinet.Tests/Restyc.Cabinet.Tests.csproj" />
    <Project Path="tests/Restyc.Tests/Restyc.Tests.csproj" />
  </Folder>
</Solution>
